// !$*UTF8*$!
{
	archiveVersion = 1;
	classes = {
	};
	objectVersion = 56;
	objects = {

/* Begin PBXBuildFile section */
		6A2D72AE290035FC00C25F71 /* ParkerV2App.swift in Sources */ = {isa = PBXBuildFile; fileRef = 6A2D72AD290035FC00C25F71 /* ParkerV2App.swift */; };
		6A2D72B0290035FC00C25F71 /* HomeView.swift in Sources */ = {isa = PBXBuildFile; fileRef = 6A2D72AF290035FC00C25F71 /* HomeView.swift */; };
		6A2D72B22900360B00C25F71 /* Assets.xcassets in Resources */ = {isa = PBXBuildFile; fileRef = 6A2D72B12900360B00C25F71 /* Assets.xcassets */; };
		6A2D72B52900360B00C25F71 /* Preview Assets.xcassets in Resources */ = {isa = PBXBuildFile; fileRef = 6A2D72B42900360B00C25F71 /* Preview Assets.xcassets */; };
		6A2D72BD29008B7A00C25F71 /* UIImage+Extension.swift in Sources */ = {isa = PBXBuildFile; fileRef = 6A2D72BC29008B7800C25F71 /* UIImage+Extension.swift */; };
		6A58A7B229014541001F4AE8 /* MainView.swift in Sources */ = {isa = PBXBuildFile; fileRef = 6A58A7B12901453E001F4AE8 /* MainView.swift */; };
		6AA7E75A2900A0DC00D67B13 /* Snap in Frameworks */ = {isa = PBXBuildFile; productRef = 6AA7E7592900A0DC00D67B13 /* Snap */; };
		6AA7E75D2900A76A00D67B13 /* Drawer in Frameworks */ = {isa = PBXBuildFile; productRef = 6AA7E75C2900A76A00D67B13 /* Drawer */; };
		6ABA727B290BDE930027E954 /* Locations.swift in Sources */ = {isa = PBXBuildFile; fileRef = 6ABA727A290BDE930027E954 /* Locations.swift */; };
		6ABA727D290BE86F0027E954 /* LocationDetailView.swift in Sources */ = {isa = PBXBuildFile; fileRef = 6ABA727C290BE86F0027E954 /* LocationDetailView.swift */; };
		6AD942A2290AA4B700B25C1F /* ParallaxSwiftUI in Frameworks */ = {isa = PBXBuildFile; productRef = 6AD942A1290AA4B700B25C1F /* ParallaxSwiftUI */; };
/* End PBXBuildFile section */

/* Begin PBXFileReference section */
		6A2D72AA290035FC00C25F71 /* ParkerV2.app */ = {isa = PBXFileReference; explicitFileType = wrapper.application; includeInIndex = 0; path = ParkerV2.app; sourceTree = BUILT_PRODUCTS_DIR; };
		6A2D72AD290035FC00C25F71 /* ParkerV2App.swift */ = {isa = PBXFileReference; lastKnownFileType = sourcecode.swift; path = ParkerV2App.swift; sourceTree = "<group>"; };
		6A2D72AF290035FC00C25F71 /* HomeView.swift */ = {isa = PBXFileReference; lastKnownFileType = sourcecode.swift; path = HomeView.swift; sourceTree = "<group>"; };
		6A2D72B12900360B00C25F71 /* Assets.xcassets */ = {isa = PBXFileReference; lastKnownFileType = folder.assetcatalog; path = Assets.xcassets; sourceTree = "<group>"; };
		6A2D72B42900360B00C25F71 /* Preview Assets.xcassets */ = {isa = PBXFileReference; lastKnownFileType = folder.assetcatalog; path = "Preview Assets.xcassets"; sourceTree = "<group>"; };
		6A2D72BC29008B7800C25F71 /* UIImage+Extension.swift */ = {isa = PBXFileReference; lastKnownFileType = sourcecode.swift; path = "UIImage+Extension.swift"; sourceTree = "<group>"; };
		6A58A7B12901453E001F4AE8 /* MainView.swift */ = {isa = PBXFileReference; lastKnownFileType = sourcecode.swift; path = MainView.swift; sourceTree = "<group>"; };
		6ABA727A290BDE930027E954 /* Locations.swift */ = {isa = PBXFileReference; lastKnownFileType = sourcecode.swift; path = Locations.swift; sourceTree = "<group>"; };
		6ABA727C290BE86F0027E954 /* LocationDetailView.swift */ = {isa = PBXFileReference; lastKnownFileType = sourcecode.swift; path = LocationDetailView.swift; sourceTree = "<group>"; };
/* End PBXFileReference section */

/* Begin PBXFrameworksBuildPhase section */
		6A2D72A7290035FC00C25F71 /* Frameworks */ = {
			isa = PBXFrameworksBuildPhase;
			buildActionMask = 2147483647;
			files = (
				6AA7E75A2900A0DC00D67B13 /* Snap in Frameworks */,
				6AD942A2290AA4B700B25C1F /* ParallaxSwiftUI in Frameworks */,
				6AA7E75D2900A76A00D67B13 /* Drawer in Frameworks */,
			);
			runOnlyForDeploymentPostprocessing = 0;
		};
/* End PBXFrameworksBuildPhase section */

/* Begin PBXGroup section */
		6A2D72A1290035FB00C25F71 = {
			isa = PBXGroup;
			children = (
				6A2D72AC290035FC00C25F71 /* ParkerV2 */,
				6A2D72AB290035FC00C25F71 /* Products */,
			);
			sourceTree = "<group>";
		};
		6A2D72AB290035FC00C25F71 /* Products */ = {
			isa = PBXGroup;
			children = (
				6A2D72AA290035FC00C25F71 /* ParkerV2.app */,
			);
			name = Products;
			sourceTree = "<group>";
		};
		6A2D72AC290035FC00C25F71 /* ParkerV2 */ = {
			isa = PBXGroup;
			children = (
				6ABA7279290BDE700027E954 /* Data */,
				6A2D72BB290036A600C25F71 /* Views */,
				6A2D72AD290035FC00C25F71 /* ParkerV2App.swift */,
				6A2D72BC29008B7800C25F71 /* UIImage+Extension.swift */,
				6A2D72B12900360B00C25F71 /* Assets.xcassets */,
				6A2D72B32900360B00C25F71 /* Preview Content */,
			);
			path = ParkerV2;
			sourceTree = "<group>";
		};
		6A2D72B32900360B00C25F71 /* Preview Content */ = {
			isa = PBXGroup;
			children = (
				6A2D72B42900360B00C25F71 /* Preview Assets.xcassets */,
			);
			path = "Preview Content";
			sourceTree = "<group>";
		};
		6A2D72BB290036A600C25F71 /* Views */ = {
			isa = PBXGroup;
			children = (
				6A2D72AF290035FC00C25F71 /* HomeView.swift */,
				6A58A7B12901453E001F4AE8 /* MainView.swift */,
				6ABA727C290BE86F0027E954 /* LocationDetailView.swift */,
			);
			path = Views;
			sourceTree = "<group>";
		};
		6ABA7279290BDE700027E954 /* Data */ = {
			isa = PBXGroup;
			children = (
				6ABA727A290BDE930027E954 /* Locations.swift */,
			);
			path = Data;
			sourceTree = "<group>";
		};
/* End PBXGroup section */

/* Begin PBXNativeTarget section */
		6A2D72A9290035FC00C25F71 /* ParkerV2 */ = {
			isa = PBXNativeTarget;
			buildConfigurationList = 6A2D72B82900360B00C25F71 /* Build configuration list for PBXNativeTarget "ParkerV2" */;
			buildPhases = (
				6A2D72A6290035FC00C25F71 /* Sources */,
				6A2D72A7290035FC00C25F71 /* Frameworks */,
				6A2D72A8290035FC00C25F71 /* Resources */,
			);
			buildRules = (
			);
			dependencies = (
			);
			name = ParkerV2;
			packageProductDependencies = (
				6AA7E7592900A0DC00D67B13 /* Snap */,
				6AA7E75C2900A76A00D67B13 /* Drawer */,
				6AD942A1290AA4B700B25C1F /* ParallaxSwiftUI */,
			);
			productName = ParkerV2;
			productReference = 6A2D72AA290035FC00C25F71 /* ParkerV2.app */;
			productType = "com.apple.product-type.application";
		};
/* End PBXNativeTarget section */

/* Begin PBXProject section */
		6A2D72A2290035FB00C25F71 /* Project object */ = {
			isa = PBXProject;
			attributes = {
				BuildIndependentTargetsInParallel = 1;
				LastSwiftUpdateCheck = 1400;
				LastUpgradeCheck = 1400;
				TargetAttributes = {
					6A2D72A9290035FC00C25F71 = {
						CreatedOnToolsVersion = 14.0.1;
					};
				};
			};
			buildConfigurationList = 6A2D72A5290035FB00C25F71 /* Build configuration list for PBXProject "ParkerV2" */;
			compatibilityVersion = "Xcode 14.0";
			developmentRegion = en;
			hasScannedForEncodings = 0;
			knownRegions = (
				en,
				Base,
			);
			mainGroup = 6A2D72A1290035FB00C25F71;
			packageReferences = (
				6AA7E7582900A0DC00D67B13 /* XCRemoteSwiftPackageReference "Snap" */,
				6AA7E75B2900A76A00D67B13 /* XCRemoteSwiftPackageReference "swiftui-drawer" */,
				6AD942A0290AA4B600B25C1F /* XCRemoteSwiftPackageReference "ParallaxSwiftUI" */,
			);
			productRefGroup = 6A2D72AB290035FC00C25F71 /* Products */;
			projectDirPath = "";
			projectRoot = "";
			targets = (
				6A2D72A9290035FC00C25F71 /* ParkerV2 */,
			);
		};
/* End PBXProject section */

/* Begin PBXResourcesBuildPhase section */
		6A2D72A8290035FC00C25F71 /* Resources */ = {
			isa = PBXResourcesBuildPhase;
			buildActionMask = 2147483647;
			files = (
				6A2D72B52900360B00C25F71 /* Preview Assets.xcassets in Resources */,
				6A2D72B22900360B00C25F71 /* Assets.xcassets in Resources */,
			);
			runOnlyForDeploymentPostprocessing = 0;
		};
/* End PBXResourcesBuildPhase section */

/* Begin PBXSourcesBuildPhase section */
		6A2D72A6290035FC00C25F71 /* Sources */ = {
			isa = PBXSourcesBuildPhase;
			buildActionMask = 2147483647;
			files = (
				6A2D72BD29008B7A00C25F71 /* UIImage+Extension.swift in Sources */,
				6A58A7B229014541001F4AE8 /* MainView.swift in Sources */,
				6ABA727D290BE86F0027E954 /* LocationDetailView.swift in Sources */,
				6A2D72B0290035FC00C25F71 /* HomeView.swift in Sources */,
				6ABA727B290BDE930027E954 /* Locations.swift in Sources */,
				6A2D72AE290035FC00C25F71 /* ParkerV2App.swift in Sources */,
			);
			runOnlyForDeploymentPostprocessing = 0;
		};
/* End PBXSourcesBuildPhase section */

/* Begin XCBuildConfiguration section */
		6A2D72B62900360B00C25F71 /* Debug */ = {
			isa = XCBuildConfiguration;
			buildSettings = {
				ALWAYS_SEARCH_USER_PATHS = NO;
				CLANG_ANALYZER_NONNULL = YES;
				CLANG_ANALYZER_NUMBER_OBJECT_CONVERSION = YES_AGGRESSIVE;
				CLANG_CXX_LANGUAGE_STANDARD = "gnu++20";
				CLANG_ENABLE_MODULES = YES;
				CLANG_ENABLE_OBJC_ARC = YES;
				CLANG_ENABLE_OBJC_WEAK = YES;
				CLANG_WARN_BLOCK_CAPTURE_AUTORELEASING = YES;
				CLANG_WARN_BOOL_CONVERSION = YES;
				CLANG_WARN_COMMA = YES;
				CLANG_WARN_CONSTANT_CONVERSION = YES;
				CLANG_WARN_DEPRECATED_OBJC_IMPLEMENTATIONS = YES;
				CLANG_WARN_DIRECT_OBJC_ISA_USAGE = YES_ERROR;
				CLANG_WARN_DOCUMENTATION_COMMENTS = YES;
				CLANG_WARN_EMPTY_BODY = YES;
				CLANG_WARN_ENUM_CONVERSION = YES;
				CLANG_WARN_INFINITE_RECURSION = YES;
				CLANG_WARN_INT_CONVERSION = YES;
				CLANG_WARN_NON_LITERAL_NULL_CONVERSION = YES;
				CLANG_WARN_OBJC_IMPLICIT_RETAIN_SELF = YES;
				CLANG_WARN_OBJC_LITERAL_CONVERSION = YES;
				CLANG_WARN_OBJC_ROOT_CLASS = YES_ERROR;
				CLANG_WARN_QUOTED_INCLUDE_IN_FRAMEWORK_HEADER = YES;
				CLANG_WARN_RANGE_LOOP_ANALYSIS = YES;
				CLANG_WARN_STRICT_PROTOTYPES = YES;
				CLANG_WARN_SUSPICIOUS_MOVE = YES;
				CLANG_WARN_UNGUARDED_AVAILABILITY = YES_AGGRESSIVE;
				CLANG_WARN_UNREACHABLE_CODE = YES;
				CLANG_WARN__DUPLICATE_METHOD_MATCH = YES;
				COPY_PHASE_STRIP = NO;
				DEBUG_INFORMATION_FORMAT = dwarf;
				ENABLE_STRICT_OBJC_MSGSEND = YES;
				ENABLE_TESTABILITY = YES;
				GCC_C_LANGUAGE_STANDARD = gnu11;
				GCC_DYNAMIC_NO_PIC = NO;
				GCC_NO_COMMON_BLOCKS = YES;
				GCC_OPTIMIZATION_LEVEL = 0;
				GCC_PREPROCESSOR_DEFINITIONS = (
					"DEBUG=1",
					"$(inherited)",
				);
				GCC_WARN_64_TO_32_BIT_CONVERSION = YES;
				GCC_WARN_ABOUT_RETURN_TYPE = YES_ERROR;
				GCC_WARN_UNDECLARED_SELECTOR = YES;
				GCC_WARN_UNINITIALIZED_AUTOS = YES_AGGRESSIVE;
				GCC_WARN_UNUSED_FUNCTION = YES;
				GCC_WARN_UNUSED_VARIABLE = YES;
				IPHONEOS_DEPLOYMENT_TARGET = 16.0;
				MTL_ENABLE_DEBUG_INFO = INCLUDE_SOURCE;
				MTL_FAST_MATH = YES;
				ONLY_ACTIVE_ARCH = YES;
				SDKROOT = iphoneos;
				SWIFT_ACTIVE_COMPILATION_CONDITIONS = DEBUG;
				SWIFT_OPTIMIZATION_LEVEL = "-Onone";
			};
			name = Debug;
		};
		6A2D72B72900360B00C25F71 /* Release */ = {
			isa = XCBuildConfiguration;
			buildSettings = {
				ALWAYS_SEARCH_USER_PATHS = NO;
				CLANG_ANALYZER_NONNULL = YES;
				CLANG_ANALYZER_NUMBER_OBJECT_CONVERSION = YES_AGGRESSIVE;
				CLANG_CXX_LANGUAGE_STANDARD = "gnu++20";
				CLANG_ENABLE_MODULES = YES;
				CLANG_ENABLE_OBJC_ARC = YES;
				CLANG_ENABLE_OBJC_WEAK = YES;
				CLANG_WARN_BLOCK_CAPTURE_AUTORELEASING = YES;
				CLANG_WARN_BOOL_CONVERSION = YES;
				CLANG_WARN_COMMA = YES;
				CLANG_WARN_CONSTANT_CONVERSION = YES;
				CLANG_WARN_DEPRECATED_OBJC_IMPLEMENTATIONS = YES;
				CLANG_WARN_DIRECT_OBJC_ISA_USAGE = YES_ERROR;
				CLANG_WARN_DOCUMENTATION_COMMENTS = YES;
				CLANG_WARN_EMPTY_BODY = YES;
				CLANG_WARN_ENUM_CONVERSION = YES;
				CLANG_WARN_INFINITE_RECURSION = YES;
				CLANG_WARN_INT_CONVERSION = YES;
				CLANG_WARN_NON_LITERAL_NULL_CONVERSION = YES;
				CLANG_WARN_OBJC_IMPLICIT_RETAIN_SELF = YES;
				CLANG_WARN_OBJC_LITERAL_CONVERSION = YES;
				CLANG_WARN_OBJC_ROOT_CLASS = YES_ERROR;
				CLANG_WARN_QUOTED_INCLUDE_IN_FRAMEWORK_HEADER = YES;
				CLANG_WARN_RANGE_LOOP_ANALYSIS = YES;
				CLANG_WARN_STRICT_PROTOTYPES = YES;
				CLANG_WARN_SUSPICIOUS_MOVE = YES;
				CLANG_WARN_UNGUARDED_AVAILABILITY = YES_AGGRESSIVE;
				CLANG_WARN_UNREACHABLE_CODE = YES;
				CLANG_WARN__DUPLICATE_METHOD_MATCH = YES;
				COPY_PHASE_STRIP = NO;
				DEBUG_INFORMATION_FORMAT = "dwarf-with-dsym";
				ENABLE_NS_ASSERTIONS = NO;
				ENABLE_STRICT_OBJC_MSGSEND = YES;
				GCC_C_LANGUAGE_STANDARD = gnu11;
				GCC_NO_COMMON_BLOCKS = YES;
				GCC_WARN_64_TO_32_BIT_CONVERSION = YES;
				GCC_WARN_ABOUT_RETURN_TYPE = YES_ERROR;
				GCC_WARN_UNDECLARED_SELECTOR = YES;
				GCC_WARN_UNINITIALIZED_AUTOS = YES_AGGRESSIVE;
				GCC_WARN_UNUSED_FUNCTION = YES;
				GCC_WARN_UNUSED_VARIABLE = YES;
				IPHONEOS_DEPLOYMENT_TARGET = 16.0;
				MTL_ENABLE_DEBUG_INFO = NO;
				MTL_FAST_MATH = YES;
				SDKROOT = iphoneos;
				SWIFT_COMPILATION_MODE = wholemodule;
				SWIFT_OPTIMIZATION_LEVEL = "-O";
				VALIDATE_PRODUCT = YES;
			};
			name = Release;
		};
		6A2D72B92900360B00C25F71 /* Debug */ = {
			isa = XCBuildConfiguration;
			buildSettings = {
				ASSETCATALOG_COMPILER_APPICON_NAME = AppIcon;
				ASSETCATALOG_COMPILER_GLOBAL_ACCENT_COLOR_NAME = AccentColor;
				CODE_SIGN_STYLE = Automatic;
				CURRENT_PROJECT_VERSION = 1;
				DEVELOPMENT_ASSET_PATHS = "\"ParkerV2/Preview Content\"";
				DEVELOPMENT_TEAM = N759NKC2AH;
				ENABLE_PREVIEWS = YES;
				GENERATE_INFOPLIST_FILE = YES;
				INFOPLIST_KEY_UIApplicationSceneManifest_Generation = YES;
				INFOPLIST_KEY_UIApplicationSupportsIndirectInputEvents = YES;
				INFOPLIST_KEY_UILaunchScreen_Generation = YES;
				INFOPLIST_KEY_UISupportedInterfaceOrientations_iPad = "UIInterfaceOrientationPortrait UIInterfaceOrientationPortraitUpsideDown UIInterfaceOrientationLandscapeLeft UIInterfaceOrientationLandscapeRight";
				INFOPLIST_KEY_UISupportedInterfaceOrientations_iPhone = "UIInterfaceOrientationPortrait UIInterfaceOrientationLandscapeLeft UIInterfaceOrientationLandscapeRight";
				LD_RUNPATH_SEARCH_PATHS = (
					"$(inherited)",
					"@executable_path/Frameworks",
				);
				MARKETING_VERSION = 1.0;
				PRODUCT_BUNDLE_IDENTIFIER = com.MikeParkin.ParkerV2;
				PRODUCT_NAME = "$(TARGET_NAME)";
				SWIFT_EMIT_LOC_STRINGS = YES;
				SWIFT_VERSION = 5.0;
				TARGETED_DEVICE_FAMILY = "1,2";
			};
			name = Debug;
		};
		6A2D72BA2900360B00C25F71 /* Release */ = {
			isa = XCBuildConfiguration;
			buildSettings = {
				ASSETCATALOG_COMPILER_APPICON_NAME = AppIcon;
				ASSETCATALOG_COMPILER_GLOBAL_ACCENT_COLOR_NAME = AccentColor;
				CODE_SIGN_STYLE = Automatic;
				CURRENT_PROJECT_VERSION = 1;
				DEVELOPMENT_ASSET_PATHS = "\"ParkerV2/Preview Content\"";
				DEVELOPMENT_TEAM = N759NKC2AH;
				ENABLE_PREVIEWS = YES;
				GENERATE_INFOPLIST_FILE = YES;
				INFOPLIST_KEY_UIApplicationSceneManifest_Generation = YES;
				INFOPLIST_KEY_UIApplicationSupportsIndirectInputEvents = YES;
				INFOPLIST_KEY_UILaunchScreen_Generation = YES;
				INFOPLIST_KEY_UISupportedInterfaceOrientations_iPad = "UIInterfaceOrientationPortrait UIInterfaceOrientationPortraitUpsideDown UIInterfaceOrientationLandscapeLeft UIInterfaceOrientationLandscapeRight";
				INFOPLIST_KEY_UISupportedInterfaceOrientations_iPhone = "UIInterfaceOrientationPortrait UIInterfaceOrientationLandscapeLeft UIInterfaceOrientationLandscapeRight";
				LD_RUNPATH_SEARCH_PATHS = (
					"$(inherited)",
					"@executable_path/Frameworks",
				);
				MARKETING_VERSION = 1.0;
				PRODUCT_BUNDLE_IDENTIFIER = com.MikeParkin.ParkerV2;
				PRODUCT_NAME = "$(TARGET_NAME)";
				SWIFT_EMIT_LOC_STRINGS = YES;
				SWIFT_VERSION = 5.0;
				TARGETED_DEVICE_FAMILY = "1,2";
			};
			name = Release;
		};
/* End XCBuildConfiguration section */

/* Begin XCConfigurationList section */
		6A2D72A5290035FB00C25F71 /* Build configuration list for PBXProject "ParkerV2" */ = {
			isa = XCConfigurationList;
			buildConfigurations = (
				6A2D72B62900360B00C25F71 /* Debug */,
				6A2D72B72900360B00C25F71 /* Release */,
			);
			defaultConfigurationIsVisible = 0;
			defaultConfigurationName = Release;
		};
		6A2D72B82900360B00C25F71 /* Build configuration list for PBXNativeTarget "ParkerV2" */ = {
			isa = XCConfigurationList;
			buildConfigurations = (
				6A2D72B92900360B00C25F71 /* Debug */,
				6A2D72BA2900360B00C25F71 /* Release */,
			);
			defaultConfigurationIsVisible = 0;
			defaultConfigurationName = Release;
		};
/* End XCConfigurationList section */

/* Begin XCRemoteSwiftPackageReference section */
		6AA7E7582900A0DC00D67B13 /* XCRemoteSwiftPackageReference "Snap" */ = {
			isa = XCRemoteSwiftPackageReference;
			repositoryURL = "https://github.com/nerdsupremacist/Snap.git";
			requirement = {
				kind = upToNextMajorVersion;
				minimumVersion = 0.2.2;
			};
		};
		6AA7E75B2900A76A00D67B13 /* XCRemoteSwiftPackageReference "swiftui-drawer" */ = {
			isa = XCRemoteSwiftPackageReference;
			repositoryURL = "https://github.com/maustinstar/swiftui-drawer.git";
			requirement = {
				branch = master;
				kind = branch;
			};
		};
		6AD942A0290AA4B600B25C1F /* XCRemoteSwiftPackageReference "ParallaxSwiftUI" */ = {
			isa = XCRemoteSwiftPackageReference;
			repositoryURL = "https://github.com/Priva28/ParallaxSwiftUI";
			requirement = {
				kind = upToNextMajorVersion;
				minimumVersion = 1.0.0;
			};
		};
/* End XCRemoteSwiftPackageReference section */

/* Begin XCSwiftPackageProductDependency section */
		6AA7E7592900A0DC00D67B13 /* Snap */ = {
			isa = XCSwiftPackageProductDependency;
			package = 6AA7E7582900A0DC00D67B13 /* XCRemoteSwiftPackageReference "Snap" */;
			productName = Snap;
		};
		6AA7E75C2900A76A00D67B13 /* Drawer */ = {
			isa = XCSwiftPackageProductDependency;
			package = 6AA7E75B2900A76A00D67B13 /* XCRemoteSwiftPackageReference "swiftui-drawer" */;
			productName = Drawer;
		};
		6AD942A1290AA4B700B25C1F /* ParallaxSwiftUI */ = {
			isa = XCSwiftPackageProductDependency;
			package = 6AD942A0290AA4B600B25C1F /* XCRemoteSwiftPackageReference "ParallaxSwiftUI" */;
			productName = ParallaxSwiftUI;
		};
/* End XCSwiftPackageProductDependency section */
	};
	rootObject = 6A2D72A2290035FB00C25F71 /* Project object */;
}
